{
  "originHash" : "b1a110a42e9db9d1604c52f9a0edb44692b435545484882a6863d17c850cc397",
  "pins" : [
    {
      "identity" : "lnpopupcontroller",
      "kind" : "remoteSourceControl",
      "location" : "https://github.com/LeoNatan/LNPopupController.git",
      "state" : {
        "revision" : "bbd729e34be9813d1fa738a364c7baa4028076fb",
        "version" : "2.19.12"
      }
    },
    {
      "identity" : "lnpopupui",
      "kind" : "remoteSourceControl",
      "location" : "https://github.com/LeoNatan/LNPopupUI",
      "state" : {
        "revision" : "8e5abca5c0af5095e41036f93ad2fd6d7d7be4a1",
        "version" : "1.8.7"
      }
    },
    {
      "identity" : "lnswiftuiutils",
      "kind" : "remoteSourceControl",
      "location" : "https://github.com/LeoNatan/LNSwiftUIUtils.git",
      "state" : {
        "revision" : "954a3adadc21d5b973c24e1320bdcc3d638c6a9c",
        "version" : "1.1.1"
      }
    }
  ],
  "version" : 3
}
